
Microsoft Visual Studio Solution File, Format Version 12.00
# Visual Studio Version 16
VisualStudioVersion = 16.0.29215.179
MinimumVisualStudioVersion = 10.0.40219.1
Project("{FAE04EC0-301F-11D3-BF4B-00C04F79EFBC}") = "Question4", "Question4\Question4.csproj", "{93B6563E-03DB-422A-8BBB-BE4E4DE93FB8}"
EndProject
Project("{FAE04EC0-301F-11D3-BF4B-00C04F79EFBC}") = "class_employee", "class_employee\class_employee.csproj", "{38AF029D-7C79-4099-B88A-348F5AAA122D}"
EndProject
Global
	GlobalSection(SolutionConfigurationPlatforms) = preSolution
		Debug|Any CPU = Debug|Any CPU
		Release|Any CPU = Release|Any CPU
	EndGlobalSection
	GlobalSection(ProjectConfigurationPlatforms) = postSolution
		{93B6563E-03DB-422A-8BBB-BE4E4DE93FB8}.Debug|Any CPU.ActiveCfg = Debug|Any CPU
		{93B6563E-03DB-422A-8BBB-BE4E4DE93FB8}.Debug|Any CPU.Build.0 = Debug|Any CPU
		{93B6563E-03DB-422A-8BBB-BE4E4DE93FB8}.Release|Any CPU.ActiveCfg = Release|Any CPU
		{93B6563E-03DB-422A-8BBB-BE4E4DE93FB8}.Release|Any CPU.Build.0 = Release|Any CPU
		{38AF029D-7C79-4099-B88A-348F5AAA122D}.Debug|Any CPU.ActiveCfg = Debug|Any CPU
		{38AF029D-7C79-4099-B88A-348F5AAA122D}.Debug|Any CPU.Build.0 = Debug|Any CPU
		{38AF029D-7C79-4099-B88A-348F5AAA122D}.Release|Any CPU.ActiveCfg = Release|Any CPU
		{38AF029D-7C79-4099-B88A-348F5AAA122D}.Release|Any CPU.Build.0 = Release|Any CPU
	EndGlobalSection
	GlobalSection(SolutionProperties) = preSolution
		HideSolutionNode = FALSE
	EndGlobalSection
	GlobalSection(ExtensibilityGlobals) = postSolution
		SolutionGuid = {EA0637B5-EFAD-4E85-82A3-E52BFBB4B556}
	EndGlobalSection
EndGlobal
